
Microsoft Visual Studio Solution File, Format Version 12.00
# Visual Studio Version 16
VisualStudioVersion = 16.0.29418.71
MinimumVisualStudioVersion = 10.0.40219.1
Project("{FAE04EC0-301F-11D3-BF4B-00C04F79EFBC}") = "Day-1a", "Day-1a\Day-1a.csproj", "{C9B2307A-1CFA-4AB0-B474-AC0816CC62A3}"
EndProject
Global
	GlobalSection(SolutionConfigurationPlatforms) = preSolution
		Debug|Any CPU = Debug|Any CPU
		Release|Any CPU = Release|Any CPU
	EndGlobalSection
	GlobalSection(ProjectConfigurationPlatforms) = postSolution
		{C9B2307A-1CFA-4AB0-B474-AC0816CC62A3}.Debug|Any CPU.ActiveCfg = Debug|Any CPU
		{C9B2307A-1CFA-4AB0-B474-AC0816CC62A3}.Debug|Any CPU.Build.0 = Debug|Any CPU
		{C9B2307A-1CFA-4AB0-B474-AC0816CC62A3}.Release|Any CPU.ActiveCfg = Release|Any CPU
		{C9B2307A-1CFA-4AB0-B474-AC0816CC62A3}.Release|Any CPU.Build.0 = Release|Any CPU
	EndGlobalSection
	GlobalSection(SolutionProperties) = preSolution
		HideSolutionNode = FALSE
	EndGlobalSection
	GlobalSection(ExtensibilityGlobals) = postSolution
		SolutionGuid = {4327FF3F-1BE9-408A-A784-A3E3D3A1A926}
	EndGlobalSection
EndGlobal
